// !$*UTF8*$!
{
	archiveVersion = 1;
	classes = {
	};
	objectVersion = 46;
	objects = {

/* Begin PBXBuildFile section */
		10167D61CA739A010BDEEB72 /* Pods_RealmToDoTests.framework in Frameworks */ = {isa = PBXBuildFile; fileRef = 214793A45C20123C8A63AD2E /* Pods_RealmToDoTests.framework */; };
		326158AFC29AB3C54D247128 /* Pods_RealmToDo.framework in Frameworks */ = {isa = PBXBuildFile; fileRef = 191F0394EB0851B1926CD370 /* Pods_RealmToDo.framework */; };
		40BE4FC61D4C071D008EE340 /* LaunchScreen.storyboard in Resources */ = {isa = PBXBuildFile; fileRef = 40BE4FC51D4C071D008EE340 /* LaunchScreen.storyboard */; };
		F0CF656C1992B5AC004A9682 /* AppDelegate.swift in Sources */ = {isa = PBXBuildFile; fileRef = F0CF656B1992B5AC004A9682 /* AppDelegate.swift */; };
		F0CF656E1992B5AC004A9682 /* ViewController.swift in Sources */ = {isa = PBXBuildFile; fileRef = F0CF656D1992B5AC004A9682 /* ViewController.swift */; };
		F0CF65731992B5AC004A9682 /* Images.xcassets in Resources */ = {isa = PBXBuildFile; fileRef = F0CF65721992B5AC004A9682 /* Images.xcassets */; };
		F0CF657F1992B5AD004A9682 /* RealmToDoTests.swift in Sources */ = {isa = PBXBuildFile; fileRef = F0CF657E1992B5AD004A9682 /* RealmToDoTests.swift */; };
		F0CF65AD1992BDAA004A9682 /* AddViewController.swift in Sources */ = {isa = PBXBuildFile; fileRef = F0CF65AC1992BDAA004A9682 /* AddViewController.swift */; };
		F0CF65AF1992C25D004A9682 /* ToDoItem.swift in Sources */ = {isa = PBXBuildFile; fileRef = F0CF65AE1992C25D004A9682 /* ToDoItem.swift */; };
/* End PBXBuildFile section */

/* Begin PBXContainerItemProxy section */
		F0CF65791992B5AD004A9682 /* PBXContainerItemProxy */ = {
			isa = PBXContainerItemProxy;
			containerPortal = F0CF655E1992B5AC004A9682 /* Project object */;
			proxyType = 1;
			remoteGlobalIDString = F0CF65651992B5AC004A9682;
			remoteInfo = RealmToDo;
		};
/* End PBXContainerItemProxy section */

/* Begin PBXCopyFilesBuildPhase section */
		F00214ED1A2CED0A000E17A8 /* Embed Frameworks */ = {
			isa = PBXCopyFilesBuildPhase;
			buildActionMask = 2147483647;
			dstPath = "";
			dstSubfolderSpec = 10;
			files = (
			);
			name = "Embed Frameworks";
			runOnlyForDeploymentPostprocessing = 0;
		};
/* End PBXCopyFilesBuildPhase section */

/* Begin PBXFileReference section */
		0FDE43FA46F283130DEE005A /* Pods-RealmToDo.debug.xcconfig */ = {isa = PBXFileReference; includeInIndex = 1; lastKnownFileType = text.xcconfig; name = "Pods-RealmToDo.debug.xcconfig"; path = "Pods/Target Support Files/Pods-RealmToDo/Pods-RealmToDo.debug.xcconfig"; sourceTree = "<group>"; };
		191F0394EB0851B1926CD370 /* Pods_RealmToDo.framework */ = {isa = PBXFileReference; explicitFileType = wrapper.framework; includeInIndex = 0; path = Pods_RealmToDo.framework; sourceTree = BUILT_PRODUCTS_DIR; };
		214793A45C20123C8A63AD2E /* Pods_RealmToDoTests.framework */ = {isa = PBXFileReference; explicitFileType = wrapper.framework; includeInIndex = 0; path = Pods_RealmToDoTests.framework; sourceTree = BUILT_PRODUCTS_DIR; };
		40BE4FC51D4C071D008EE340 /* LaunchScreen.storyboard */ = {isa = PBXFileReference; fileEncoding = 4; lastKnownFileType = file.storyboard; path = LaunchScreen.storyboard; sourceTree = "<group>"; };
		9337DB032C9100E4D247E13F /* Pods-RealmToDoTests.debug.xcconfig */ = {isa = PBXFileReference; includeInIndex = 1; lastKnownFileType = text.xcconfig; name = "Pods-RealmToDoTests.debug.xcconfig"; path = "Pods/Target Support Files/Pods-RealmToDoTests/Pods-RealmToDoTests.debug.xcconfig"; sourceTree = "<group>"; };
		C0DFEE9FE9A3CBA58D7E53F3 /* Pods-RealmToDoTests.release.xcconfig */ = {isa = PBXFileReference; includeInIndex = 1; lastKnownFileType = text.xcconfig; name = "Pods-RealmToDoTests.release.xcconfig"; path = "Pods/Target Support Files/Pods-RealmToDoTests/Pods-RealmToDoTests.release.xcconfig"; sourceTree = "<group>"; };
		F0CF65661992B5AC004A9682 /* RealmToDo.app */ = {isa = PBXFileReference; explicitFileType = wrapper.application; includeInIndex = 0; path = RealmToDo.app; sourceTree = BUILT_PRODUCTS_DIR; };
		F0CF656A1992B5AC004A9682 /* Info.plist */ = {isa = PBXFileReference; lastKnownFileType = text.plist.xml; path = Info.plist; sourceTree = "<group>"; };
		F0CF656B1992B5AC004A9682 /* AppDelegate.swift */ = {isa = PBXFileReference; lastKnownFileType = sourcecode.swift; path = AppDelegate.swift; sourceTree = "<group>"; };
		F0CF656D1992B5AC004A9682 /* ViewController.swift */ = {isa = PBXFileReference; lastKnownFileType = sourcecode.swift; path = ViewController.swift; sourceTree = "<group>"; };
		F0CF65721992B5AC004A9682 /* Images.xcassets */ = {isa = PBXFileReference; lastKnownFileType = folder.assetcatalog; path = Images.xcassets; sourceTree = "<group>"; };
		F0CF65781992B5AD004A9682 /* RealmToDoTests.xctest */ = {isa = PBXFileReference; explicitFileType = wrapper.cfbundle; includeInIndex = 0; path = RealmToDoTests.xctest; sourceTree = BUILT_PRODUCTS_DIR; };
		F0CF657D1992B5AD004A9682 /* Info.plist */ = {isa = PBXFileReference; lastKnownFileType = text.plist.xml; path = Info.plist; sourceTree = "<group>"; };
		F0CF657E1992B5AD004A9682 /* RealmToDoTests.swift */ = {isa = PBXFileReference; lastKnownFileType = sourcecode.swift; path = RealmToDoTests.swift; sourceTree = "<group>"; };
		F0CF65AC1992BDAA004A9682 /* AddViewController.swift */ = {isa = PBXFileReference; fileEncoding = 4; lastKnownFileType = sourcecode.swift; path = AddViewController.swift; sourceTree = "<group>"; };
		F0CF65AE1992C25D004A9682 /* ToDoItem.swift */ = {isa = PBXFileReference; fileEncoding = 4; lastKnownFileType = sourcecode.swift; path = ToDoItem.swift; sourceTree = "<group>"; };
		F6C896AABC854612D7A655B3 /* Pods-RealmToDo.release.xcconfig */ = {isa = PBXFileReference; includeInIndex = 1; lastKnownFileType = text.xcconfig; name = "Pods-RealmToDo.release.xcconfig"; path = "Pods/Target Support Files/Pods-RealmToDo/Pods-RealmToDo.release.xcconfig"; sourceTree = "<group>"; };
/* End PBXFileReference section */

/* Begin PBXFrameworksBuildPhase section */
		F0CF65631992B5AC004A9682 /* Frameworks */ = {
			isa = PBXFrameworksBuildPhase;
			buildActionMask = 2147483647;
			files = (
				326158AFC29AB3C54D247128 /* Pods_RealmToDo.framework in Frameworks */,
			);
			runOnlyForDeploymentPostprocessing = 0;
		};
		F0CF65751992B5AD004A9682 /* Frameworks */ = {
			isa = PBXFrameworksBuildPhase;
			buildActionMask = 2147483647;
			files = (
				10167D61CA739A010BDEEB72 /* Pods_RealmToDoTests.framework in Frameworks */,
			);
			runOnlyForDeploymentPostprocessing = 0;
		};
/* End PBXFrameworksBuildPhase section */

/* Begin PBXGroup section */
		F00214E61A2CECD1000E17A8 /* Frameworks */ = {
			isa = PBXGroup;
			children = (
				191F0394EB0851B1926CD370 /* Pods_RealmToDo.framework */,
				214793A45C20123C8A63AD2E /* Pods_RealmToDoTests.framework */,
			);
			name = Frameworks;
			sourceTree = "<group>";
		};
		F0CF655D1992B5AC004A9682 = {
			isa = PBXGroup;
			children = (
				F0CF65681992B5AC004A9682 /* RealmToDo */,
				F00214E61A2CECD1000E17A8 /* Frameworks */,
				F0CF657B1992B5AD004A9682 /* RealmToDoTests */,
				F0CF65671992B5AC004A9682 /* Products */,
				FA57A51F9F5AEA089FE0F97C /* Pods */,
			);
			sourceTree = "<group>";
		};
		F0CF65671992B5AC004A9682 /* Products */ = {
			isa = PBXGroup;
			children = (
				F0CF65661992B5AC004A9682 /* RealmToDo.app */,
				F0CF65781992B5AD004A9682 /* RealmToDoTests.xctest */,
			);
			name = Products;
			sourceTree = "<group>";
		};
		F0CF65681992B5AC004A9682 /* RealmToDo */ = {
			isa = PBXGroup;
			children = (
				40BE4FC51D4C071D008EE340 /* LaunchScreen.storyboard */,
				F0CF656B1992B5AC004A9682 /* AppDelegate.swift */,
				F0CF656D1992B5AC004A9682 /* ViewController.swift */,
				F0CF65AC1992BDAA004A9682 /* AddViewController.swift */,
				F0CF65AE1992C25D004A9682 /* ToDoItem.swift */,
				F0CF65721992B5AC004A9682 /* Images.xcassets */,
				F0CF65691992B5AC004A9682 /* Supporting Files */,
			);
			path = RealmToDo;
			sourceTree = "<group>";
		};
		F0CF65691992B5AC004A9682 /* Supporting Files */ = {
			isa = PBXGroup;
			children = (
				F0CF656A1992B5AC004A9682 /* Info.plist */,
			);
			name = "Supporting Files";
			sourceTree = "<group>";
		};
		F0CF657B1992B5AD004A9682 /* RealmToDoTests */ = {
			isa = PBXGroup;
			children = (
				F0CF657E1992B5AD004A9682 /* RealmToDoTests.swift */,
				F0CF657C1992B5AD004A9682 /* Supporting Files */,
			);
			path = RealmToDoTests;
			sourceTree = "<group>";
		};
		F0CF657C1992B5AD004A9682 /* Supporting Files */ = {
			isa = PBXGroup;
			children = (
				F0CF657D1992B5AD004A9682 /* Info.plist */,
			);
			name = "Supporting Files";
			sourceTree = "<group>";
		};
		FA57A51F9F5AEA089FE0F97C /* Pods */ = {
			isa = PBXGroup;
			children = (
				0FDE43FA46F283130DEE005A /* Pods-RealmToDo.debug.xcconfig */,
				F6C896AABC854612D7A655B3 /* Pods-RealmToDo.release.xcconfig */,
				9337DB032C9100E4D247E13F /* Pods-RealmToDoTests.debug.xcconfig */,
				C0DFEE9FE9A3CBA58D7E53F3 /* Pods-RealmToDoTests.release.xcconfig */,
			);
			name = Pods;
			sourceTree = "<group>";
		};
/* End PBXGroup section */

/* Begin PBXNativeTarget section */
		F0CF65651992B5AC004A9682 /* RealmToDo */ = {
			isa = PBXNativeTarget;
			buildConfigurationList = F0CF65821992B5AD004A9682 /* Build configuration list for PBXNativeTarget "RealmToDo" */;
			buildPhases = (
				78BE80BD4FF6842B11E88F48 /* [CP] Check Pods Manifest.lock */,
				F0CF65621992B5AC004A9682 /* Sources */,
				F0CF65631992B5AC004A9682 /* Frameworks */,
				F0CF65641992B5AC004A9682 /* Resources */,
				F00214ED1A2CED0A000E17A8 /* Embed Frameworks */,
				A0AF1CF369261229C18AD7F7 /* [CP] Embed Pods Frameworks */,
				FE8ACB01D0E95199CD2A5390 /* [CP] Copy Pods Resources */,
			);
			buildRules = (
			);
			dependencies = (
			);
			name = RealmToDo;
			productName = RealmToDo;
			productReference = F0CF65661992B5AC004A9682 /* RealmToDo.app */;
			productType = "com.apple.product-type.application";
		};
		F0CF65771992B5AD004A9682 /* RealmToDoTests */ = {
			isa = PBXNativeTarget;
			buildConfigurationList = F0CF65851992B5AD004A9682 /* Build configuration list for PBXNativeTarget "RealmToDoTests" */;
			buildPhases = (
				A3291D6050B7B20E5FFBF5B9 /* [CP] Check Pods Manifest.lock */,
				F0CF65741992B5AD004A9682 /* Sources */,
				F0CF65751992B5AD004A9682 /* Frameworks */,
				F0CF65761992B5AD004A9682 /* Resources */,
				160390A1145ED53902D07B5F /* [CP] Embed Pods Frameworks */,
				5CB20A4262CF01DEC4F20838 /* [CP] Copy Pods Resources */,
			);
			buildRules = (
			);
			dependencies = (
				F0CF657A1992B5AD004A9682 /* PBXTargetDependency */,
			);
			name = RealmToDoTests;
			productName = RealmToDoTests;
			productReference = F0CF65781992B5AD004A9682 /* RealmToDoTests.xctest */;
			productType = "com.apple.product-type.bundle.unit-test";
		};
/* End PBXNativeTarget section */

/* Begin PBXProject section */
		F0CF655E1992B5AC004A9682 /* Project object */ = {
			isa = PBXProject;
			attributes = {
				LastSwiftUpdateCheck = 0730;
				LastUpgradeCheck = 0820;
				ORGANIZATIONNAME = "Piet Brauer";
				TargetAttributes = {
					F0CF65651992B5AC004A9682 = {
						CreatedOnToolsVersion = 6.0;
						LastSwiftMigration = 0820;
					};
					F0CF65771992B5AD004A9682 = {
						CreatedOnToolsVersion = 6.0;
						LastSwiftMigration = 0820;
						TestTargetID = F0CF65651992B5AC004A9682;
					};
				};
			};
			buildConfigurationList = F0CF65611992B5AC004A9682 /* Build configuration list for PBXProject "RealmToDo" */;
			compatibilityVersion = "Xcode 3.2";
			developmentRegion = English;
			hasScannedForEncodings = 0;
			knownRegions = (
				en,
				Base,
			);
			mainGroup = F0CF655D1992B5AC004A9682;
			productRefGroup = F0CF65671992B5AC004A9682 /* Products */;
			projectDirPath = "";
			projectRoot = "";
			targets = (
				F0CF65651992B5AC004A9682 /* RealmToDo */,
				F0CF65771992B5AD004A9682 /* RealmToDoTests */,
			);
		};
/* End PBXProject section */

/* Begin PBXResourcesBuildPhase section */
		F0CF65641992B5AC004A9682 /* Resources */ = {
			isa = PBXResourcesBuildPhase;
			buildActionMask = 2147483647;
			files = (
				F0CF65731992B5AC004A9682 /* Images.xcassets in Resources */,
				40BE4FC61D4C071D008EE340 /* LaunchScreen.storyboard in Resources */,
			);
			runOnlyForDeploymentPostprocessing = 0;
		};
		F0CF65761992B5AD004A9682 /* Resources */ = {
			isa = PBXResourcesBuildPhase;
			buildActionMask = 2147483647;
			files = (
			);
			runOnlyForDeploymentPostprocessing = 0;
		};
/* End PBXResourcesBuildPhase section */

/* Begin PBXShellScriptBuildPhase section */
		160390A1145ED53902D07B5F /* [CP] Embed Pods Frameworks */ = {
			isa = PBXShellScriptBuildPhase;
			buildActionMask = 2147483647;
			files = (
			);
			inputPaths = (
			);
			name = "[CP] Embed Pods Frameworks";
			outputPaths = (
			);
			runOnlyForDeploymentPostprocessing = 0;
			shellPath = /bin/sh;
			shellScript = "\"${SRCROOT}/Pods/Target Support Files/Pods-RealmToDoTests/Pods-RealmToDoTests-frameworks.sh\"\n";
			showEnvVarsInLog = 0;
		};
		5CB20A4262CF01DEC4F20838 /* [CP] Copy Pods Resources */ = {
			isa = PBXShellScriptBuildPhase;
			buildActionMask = 2147483647;
			files = (
			);
			inputPaths = (
			);
			name = "[CP] Copy Pods Resources";
			outputPaths = (
			);
			runOnlyForDeploymentPostprocessing = 0;
			shellPath = /bin/sh;
			shellScript = "\"${SRCROOT}/Pods/Target Support Files/Pods-RealmToDoTests/Pods-RealmToDoTests-resources.sh\"\n";
			showEnvVarsInLog = 0;
		};
		78BE80BD4FF6842B11E88F48 /* [CP] Check Pods Manifest.lock */ = {
			isa = PBXShellScriptBuildPhase;
			buildActionMask = 2147483647;
			files = (
			);
			inputPaths = (
				"${PODS_PODFILE_DIR_PATH}/Podfile.lock",
				"${PODS_ROOT}/Manifest.lock",
			);
			name = "[CP] Check Pods Manifest.lock";
			outputPaths = (
				"$(DERIVED_FILE_DIR)/Pods-RealmToDo-checkManifestLockResult.txt",
			);
			runOnlyForDeploymentPostprocessing = 0;
			shellPath = /bin/sh;
			shellScript = "diff \"${PODS_PODFILE_DIR_PATH}/Podfile.lock\" \"${PODS_ROOT}/Manifest.lock\" > /dev/null\nif [ $? != 0 ] ; then\n    # print error to STDERR\n    echo \"error: The sandbox is not in sync with the Podfile.lock. Run 'pod install' or update your CocoaPods installation.\" >&2\n    exit 1\nfi\n# This output is used by Xcode 'outputs' to avoid re-running this script phase.\necho \"SUCCESS\" > \"${SCRIPT_OUTPUT_FILE_0}\"\n";
			showEnvVarsInLog = 0;
		};
		A0AF1CF369261229C18AD7F7 /* [CP] Embed Pods Frameworks */ = {
			isa = PBXShellScriptBuildPhase;
			buildActionMask = 2147483647;
			files = (
			);
			inputPaths = (
				"${SRCROOT}/Pods/Target Support Files/Pods-RealmToDo/Pods-RealmToDo-frameworks.sh",
				"${BUILT_PRODUCTS_DIR}/Realm/Realm.framework",
				"${BUILT_PRODUCTS_DIR}/RealmSwift/RealmSwift.framework",
			);
			name = "[CP] Embed Pods Frameworks";
			outputPaths = (
				"${TARGET_BUILD_DIR}/${FRAMEWORKS_FOLDER_PATH}/Realm.framework",
				"${TARGET_BUILD_DIR}/${FRAMEWORKS_FOLDER_PATH}/RealmSwift.framework",
			);
			runOnlyForDeploymentPostprocessing = 0;
			shellPath = /bin/sh;
			shellScript = "\"${SRCROOT}/Pods/Target Support Files/Pods-RealmToDo/Pods-RealmToDo-frameworks.sh\"\n";
			showEnvVarsInLog = 0;
		};
		A3291D6050B7B20E5FFBF5B9 /* [CP] Check Pods Manifest.lock */ = {
			isa = PBXShellScriptBuildPhase;
			buildActionMask = 2147483647;
			files = (
			);
			inputPaths = (
				"${PODS_PODFILE_DIR_PATH}/Podfile.lock",
				"${PODS_ROOT}/Manifest.lock",
			);
			name = "[CP] Check Pods Manifest.lock";
			outputPaths = (
				"$(DERIVED_FILE_DIR)/Pods-RealmToDoTests-checkManifestLockResult.txt",
			);
			runOnlyForDeploymentPostprocessing = 0;
			shellPath = /bin/sh;
			shellScript = "diff \"${PODS_PODFILE_DIR_PATH}/Podfile.lock\" \"${PODS_ROOT}/Manifest.lock\" > /dev/null\nif [ $? != 0 ] ; then\n    # print error to STDERR\n    echo \"error: The sandbox is not in sync with the Podfile.lock. Run 'pod install' or update your CocoaPods installation.\" >&2\n    exit 1\nfi\n# This output is used by Xcode 'outputs' to avoid re-running this script phase.\necho \"SUCCESS\" > \"${SCRIPT_OUTPUT_FILE_0}\"\n";
			showEnvVarsInLog = 0;
		};
		FE8ACB01D0E95199CD2A5390 /* [CP] Copy Pods Resources */ = {
			isa = PBXShellScriptBuildPhase;
			buildActionMask = 2147483647;
			files = (
			);
			inputPaths = (
			);
			name = "[CP] Copy Pods Resources";
			outputPaths = (
			);
			runOnlyForDeploymentPostprocessing = 0;
			shellPath = /bin/sh;
			shellScript = "\"${SRCROOT}/Pods/Target Support Files/Pods-RealmToDo/Pods-RealmToDo-resources.sh\"\n";
			showEnvVarsInLog = 0;
		};
/* End PBXShellScriptBuildPhase section */

/* Begin PBXSourcesBuildPhase section */
		F0CF65621992B5AC004A9682 /* Sources */ = {
			isa = PBXSourcesBuildPhase;
			buildActionMask = 2147483647;
			files = (
				F0CF656E1992B5AC004A9682 /* ViewController.swift in Sources */,
				F0CF656C1992B5AC004A9682 /* AppDelegate.swift in Sources */,
				F0CF65AF1992C25D004A9682 /* ToDoItem.swift in Sources */,
				F0CF65AD1992BDAA004A9682 /* AddViewController.swift in Sources */,
			);
			runOnlyForDeploymentPostprocessing = 0;
		};
		F0CF65741992B5AD004A9682 /* Sources */ = {
			isa = PBXSourcesBuildPhase;
			buildActionMask = 2147483647;
			files = (
				F0CF657F1992B5AD004A9682 /* RealmToDoTests.swift in Sources */,
			);
			runOnlyForDeploymentPostprocessing = 0;
		};
/* End PBXSourcesBuildPhase section */

/* Begin PBXTargetDependency section */
		F0CF657A1992B5AD004A9682 /* PBXTargetDependency */ = {
			isa = PBXTargetDependency;
			target = F0CF65651992B5AC004A9682 /* RealmToDo */;
			targetProxy = F0CF65791992B5AD004A9682 /* PBXContainerItemProxy */;
		};
/* End PBXTargetDependency section */

/* Begin XCBuildConfiguration section */
		F0CF65801992B5AD004A9682 /* Debug */ = {
			isa = XCBuildConfiguration;
			buildSettings = {
				ALWAYS_SEARCH_USER_PATHS = NO;
				CLANG_CXX_LANGUAGE_STANDARD = "gnu++0x";
				CLANG_CXX_LIBRARY = "libc++";
				CLANG_ENABLE_MODULES = YES;
				CLANG_ENABLE_OBJC_ARC = YES;
				CLANG_WARN_BOOL_CONVERSION = YES;
				CLANG_WARN_CONSTANT_CONVERSION = YES;
				CLANG_WARN_DIRECT_OBJC_ISA_USAGE = YES_ERROR;
				CLANG_WARN_EMPTY_BODY = YES;
				CLANG_WARN_ENUM_CONVERSION = YES;
				CLANG_WARN_INFINITE_RECURSION = YES;
				CLANG_WARN_INT_CONVERSION = YES;
				CLANG_WARN_OBJC_ROOT_CLASS = YES_ERROR;
				CLANG_WARN_SUSPICIOUS_MOVE = YES;
				CLANG_WARN_UNREACHABLE_CODE = YES;
				CLANG_WARN__DUPLICATE_METHOD_MATCH = YES;
				"CODE_SIGN_IDENTITY[sdk=iphoneos*]" = "iPhone Developer";
				COPY_PHASE_STRIP = NO;
				ENABLE_STRICT_OBJC_MSGSEND = YES;
				ENABLE_TESTABILITY = YES;
				GCC_C_LANGUAGE_STANDARD = gnu99;
				GCC_DYNAMIC_NO_PIC = NO;
				GCC_NO_COMMON_BLOCKS = YES;
				GCC_OPTIMIZATION_LEVEL = 0;
				GCC_PREPROCESSOR_DEFINITIONS = (
					"DEBUG=1",
					"$(inherited)",
				);
				GCC_SYMBOLS_PRIVATE_EXTERN = NO;
				GCC_WARN_64_TO_32_BIT_CONVERSION = YES;
				GCC_WARN_ABOUT_RETURN_TYPE = YES_ERROR;
				GCC_WARN_UNDECLARED_SELECTOR = YES;
				GCC_WARN_UNINITIALIZED_AUTOS = YES_AGGRESSIVE;
				GCC_WARN_UNUSED_FUNCTION = YES;
				GCC_WARN_UNUSED_VARIABLE = YES;
				IPHONEOS_DEPLOYMENT_TARGET = 8.0;
				MTL_ENABLE_DEBUG_INFO = YES;
				ONLY_ACTIVE_ARCH = YES;
				SDKROOT = iphoneos;
				SWIFT_OPTIMIZATION_LEVEL = "-Onone";
			};
			name = Debug;
		};
		F0CF65811992B5AD004A9682 /* Release */ = {
			isa = XCBuildConfiguration;
			buildSettings = {
				ALWAYS_SEARCH_USER_PATHS = NO;
				CLANG_CXX_LANGUAGE_STANDARD = "gnu++0x";
				CLANG_CXX_LIBRARY = "libc++";
				CLANG_ENABLE_MODULES = YES;
				CLANG_ENABLE_OBJC_ARC = YES;
				CLANG_WARN_BOOL_CONVERSION = YES;
				CLANG_WARN_CONSTANT_CONVERSION = YES;
				CLANG_WARN_DIRECT_OBJC_ISA_USAGE = YES_ERROR;
				CLANG_WARN_EMPTY_BODY = YES;
				CLANG_WARN_ENUM_CONVERSION = YES;
				CLANG_WARN_INFINITE_RECURSION = YES;
				CLANG_WARN_INT_CONVERSION = YES;
				CLANG_WARN_OBJC_ROOT_CLASS = YES_ERROR;
				CLANG_WARN_SUSPICIOUS_MOVE = YES;
				CLANG_WARN_UNREACHABLE_CODE = YES;
				CLANG_WARN__DUPLICATE_METHOD_MATCH = YES;
				"CODE_SIGN_IDENTITY[sdk=iphoneos*]" = "iPhone Developer";
				COPY_PHASE_STRIP = YES;
				ENABLE_NS_ASSERTIONS = NO;
				ENABLE_STRICT_OBJC_MSGSEND = YES;
				GCC_C_LANGUAGE_STANDARD = gnu99;
				GCC_NO_COMMON_BLOCKS = YES;
				GCC_WARN_64_TO_32_BIT_CONVERSION = YES;
				GCC_WARN_ABOUT_RETURN_TYPE = YES_ERROR;
				GCC_WARN_UNDECLARED_SELECTOR = YES;
				GCC_WARN_UNINITIALIZED_AUTOS = YES_AGGRESSIVE;
				GCC_WARN_UNUSED_FUNCTION = YES;
				GCC_WARN_UNUSED_VARIABLE = YES;
				IPHONEOS_DEPLOYMENT_TARGET = 8.0;
				MTL_ENABLE_DEBUG_INFO = NO;
				SDKROOT = iphoneos;
				SWIFT_OPTIMIZATION_LEVEL = "-Owholemodule";
				VALIDATE_PRODUCT = YES;
			};
			name = Release;
		};
		F0CF65831992B5AD004A9682 /* Debug */ = {
			isa = XCBuildConfiguration;
			baseConfigurationReference = 0FDE43FA46F283130DEE005A /* Pods-RealmToDo.debug.xcconfig */;
			buildSettings = {
				ALWAYS_EMBED_SWIFT_STANDARD_LIBRARIES = YES;
				ASSETCATALOG_COMPILER_APPICON_NAME = AppIcon;
				ASSETCATALOG_COMPILER_LAUNCHIMAGE_NAME = LaunchImage;
				DEFINES_MODULE = YES;
				FRAMEWORK_SEARCH_PATHS = "$(inherited)";
				INFOPLIST_FILE = RealmToDo/Info.plist;
				IPHONEOS_DEPLOYMENT_TARGET = 9.3;
				LD_RUNPATH_SEARCH_PATHS = "$(inherited) @executable_path/Frameworks";
				PRODUCT_BUNDLE_IDENTIFIER = "com.pietbrauer.$(PRODUCT_NAME:rfc1034identifier)";
				PRODUCT_NAME = "$(TARGET_NAME)";
				SWIFT_VERSION = 3.0;
				TARGETED_DEVICE_FAMILY = "1,2";
			};
			name = Debug;
		};
		F0CF65841992B5AD004A9682 /* Release */ = {
			isa = XCBuildConfiguration;
			baseConfigurationReference = F6C896AABC854612D7A655B3 /* Pods-RealmToDo.release.xcconfig */;
			buildSettings = {
				ALWAYS_EMBED_SWIFT_STANDARD_LIBRARIES = YES;
				ASSETCATALOG_COMPILER_APPICON_NAME = AppIcon;
				ASSETCATALOG_COMPILER_LAUNCHIMAGE_NAME = LaunchImage;
				DEFINES_MODULE = YES;
				FRAMEWORK_SEARCH_PATHS = "$(inherited)";
				INFOPLIST_FILE = RealmToDo/Info.plist;
				IPHONEOS_DEPLOYMENT_TARGET = 9.3;
				LD_RUNPATH_SEARCH_PATHS = "$(inherited) @executable_path/Frameworks";
				PRODUCT_BUNDLE_IDENTIFIER = "com.pietbrauer.$(PRODUCT_NAME:rfc1034identifier)";
				PRODUCT_NAME = "$(TARGET_NAME)";
				SWIFT_VERSION = 3.0;
				TARGETED_DEVICE_FAMILY = "1,2";
			};
			name = Release;
		};
		F0CF65861992B5AD004A9682 /* Debug */ = {
			isa = XCBuildConfiguration;
			baseConfigurationReference = 9337DB032C9100E4D247E13F /* Pods-RealmToDoTests.debug.xcconfig */;
			buildSettings = {
				BUNDLE_LOADER = "$(TEST_HOST)";
				FRAMEWORK_SEARCH_PATHS = (
					"$(SDKROOT)/Developer/Library/Frameworks",
					"$(inherited)",
				);
				GCC_PREPROCESSOR_DEFINITIONS = (
					"DEBUG=1",
					"$(inherited)",
				);
				INFOPLIST_FILE = RealmToDoTests/Info.plist;
				LD_RUNPATH_SEARCH_PATHS = "$(inherited) @executable_path/Frameworks @loader_path/Frameworks";
				PRODUCT_BUNDLE_IDENTIFIER = "com.pietbrauer.$(PRODUCT_NAME:rfc1034identifier)";
				PRODUCT_NAME = "$(TARGET_NAME)";
				SWIFT_VERSION = 3.0;
				TEST_HOST = "$(BUILT_PRODUCTS_DIR)/RealmToDo.app/RealmToDo";
			};
			name = Debug;
		};
		F0CF65871992B5AD004A9682 /* Release */ = {
			isa = XCBuildConfiguration;
			baseConfigurationReference = C0DFEE9FE9A3CBA58D7E53F3 /* Pods-RealmToDoTests.release.xcconfig */;
			buildSettings = {
				BUNDLE_LOADER = "$(TEST_HOST)";
				FRAMEWORK_SEARCH_PATHS = (
					"$(SDKROOT)/Developer/Library/Frameworks",
					"$(inherited)",
				);
				INFOPLIST_FILE = RealmToDoTests/Info.plist;
				LD_RUNPATH_SEARCH_PATHS = "$(inherited) @executable_path/Frameworks @loader_path/Frameworks";
				PRODUCT_BUNDLE_IDENTIFIER = "com.pietbrauer.$(PRODUCT_NAME:rfc1034identifier)";
				PRODUCT_NAME = "$(TARGET_NAME)";
				SWIFT_VERSION = 3.0;
				TEST_HOST = "$(BUILT_PRODUCTS_DIR)/RealmToDo.app/RealmToDo";
			};
			name = Release;
		};
/* End XCBuildConfiguration section */

/* Begin XCConfigurationList section */
		F0CF65611992B5AC004A9682 /* Build configuration list for PBXProject "RealmToDo" */ = {
			isa = XCConfigurationList;
			buildConfigurations = (
				F0CF65801992B5AD004A9682 /* Debug */,
				F0CF65811992B5AD004A9682 /* Release */,
			);
			defaultConfigurationIsVisible = 0;
			defaultConfigurationName = Release;
		};
		F0CF65821992B5AD004A9682 /* Build configuration list for PBXNativeTarget "RealmToDo" */ = {
			isa = XCConfigurationList;
			buildConfigurations = (
				F0CF65831992B5AD004A9682 /* Debug */,
				F0CF65841992B5AD004A9682 /* Release */,
			);
			defaultConfigurationIsVisible = 0;
			defaultConfigurationName = Release;
		};
		F0CF65851992B5AD004A9682 /* Build configuration list for PBXNativeTarget "RealmToDoTests" */ = {
			isa = XCConfigurationList;
			buildConfigurations = (
				F0CF65861992B5AD004A9682 /* Debug */,
				F0CF65871992B5AD004A9682 /* Release */,
			);
			defaultConfigurationIsVisible = 0;
			defaultConfigurationName = Release;
		};
/* End XCConfigurationList section */
	};
	rootObject = F0CF655E1992B5AC004A9682 /* Project object */;
}
